{
  "version": 4,
  "terraform_version": "1.1.4",
  "serial": 6,
  "lineage": "dc02f0bd-9420-e5c3-8a5d-460f8a13520a",
  "outputs": {},
  "resources": [
    {
      "mode": "managed",
      "type": "aws_default_vpc",
      "name": "default",
      "provider": "provider[\"registry.terraform.io/hashicorp/aws\"]",
      "instances": [
        {
          "schema_version": 1,
          "attributes": {
            "arn": "arn:aws:ec2:ap-southeast-1:160266333729:vpc/vpc-0065aa50ca7f7a397",
            "assign_generated_ipv6_cidr_block": false,
            "cidr_block": "172.31.0.0/16",
            "default_network_acl_id": "acl-0b5b487dad041be7c",
            "default_route_table_id": "rtb-0ed370841f7e9f3da",
            "default_security_group_id": "sg-03eb2f48e79d9ebd3",
            "dhcp_options_id": "dopt-0e217df1e49affda7",
            "enable_classiclink": false,
            "enable_classiclink_dns_support": false,
            "enable_dns_hostnames": true,
            "enable_dns_support": true,
            "id": "vpc-0065aa50ca7f7a397",
            "instance_tenancy": "default",
            "ipv4_ipam_pool_id": null,
            "ipv4_netmask_length": null,
            "ipv6_association_id": "",
            "ipv6_cidr_block": "",
            "ipv6_cidr_block_network_border_group": "",
            "ipv6_ipam_pool_id": "",
            "ipv6_netmask_length": 0,
            "main_route_table_id": "rtb-0ed370841f7e9f3da",
            "owner_id": "160266333729",
            "tags": {
              "Name": "Default VPC"
            },
            "tags_all": {
              "Name": "Default VPC"
            }
          },
          "sensitive_attributes": [],
          "private": "eyJzY2hlbWFfdmVyc2lvbiI6IjEifQ=="
        }
      ]
    },
    {
      "mode": "managed",
      "type": "aws_eip",
      "name": "lb",
      "provider": "provider[\"registry.terraform.io/hashicorp/aws\"]",
      "instances": [
        {
          "schema_version": 0,
          "attributes": {
            "address": null,
            "allocation_id": "eipalloc-09217e78b1212a90e",
            "associate_with_private_ip": null,
            "association_id": "eipassoc-0a27b63baad03f0d5",
            "carrier_ip": "",
            "customer_owned_ip": "",
            "customer_owned_ipv4_pool": "",
            "domain": "vpc",
            "id": "eipalloc-09217e78b1212a90e",
            "instance": "i-0b058aca4d25b8c7e",
            "network_border_group": "ap-southeast-1",
            "network_interface": "eni-047a8e53e081c5cbf",
            "private_dns": "ip-172-31-30-139.ap-southeast-1.compute.internal",
            "private_ip": "172.31.30.139",
            "public_dns": "ec2-54-169-110-154.ap-southeast-1.compute.amazonaws.com",
            "public_ip": "54.169.110.154",
            "public_ipv4_pool": "amazon",
            "tags": null,
            "tags_all": {},
            "timeouts": null,
            "vpc": true
          },
          "sensitive_attributes": [],
          "private": "eyJlMmJmYjczMC1lY2FhLTExZTYtOGY4OC0zNDM2M2JjN2M0YzAiOnsiZGVsZXRlIjoxODAwMDAwMDAwMDAsInJlYWQiOjkwMDAwMDAwMDAwMCwidXBkYXRlIjozMDAwMDAwMDAwMDB9fQ==",
          "dependencies": [
            "aws_instance.myservername"
          ]
        }
      ]
    },
    {
      "mode": "managed",
      "type": "aws_instance",
      "name": "myservername",
      "provider": "provider[\"registry.terraform.io/hashicorp/aws\"]",
      "instances": [
        {
          "schema_version": 1,
          "attributes": {
            "ami": "ami-055d15d9cfddf7bd3",
            "arn": "arn:aws:ec2:ap-southeast-1:160266333729:instance/i-0b058aca4d25b8c7e",
            "associate_public_ip_address": true,
            "availability_zone": "ap-southeast-1a",
            "capacity_reservation_specification": [
              {
                "capacity_reservation_preference": "open",
                "capacity_reservation_target": []
              }
            ],
            "cpu_core_count": 1,
            "cpu_threads_per_core": 1,
            "credit_specification": [
              {
                "cpu_credits": "standard"
              }
            ],
            "disable_api_termination": false,
            "ebs_block_device": [],
            "ebs_optimized": false,
            "enclave_options": [
              {
                "enabled": false
              }
            ],
            "ephemeral_block_device": [],
            "get_password_data": false,
            "hibernation": false,
            "host_id": null,
            "iam_instance_profile": "",
            "id": "i-0b058aca4d25b8c7e",
            "instance_initiated_shutdown_behavior": "stop",
            "instance_state": "running",
            "instance_type": "t2.micro",
            "ipv6_address_count": 0,
            "ipv6_addresses": [],
            "key_name": "Tf_key",
            "launch_template": [],
            "metadata_options": [
              {
                "http_endpoint": "enabled",
                "http_put_response_hop_limit": 1,
                "http_tokens": "optional",
                "instance_metadata_tags": "disabled"
              }
            ],
            "monitoring": false,
            "network_interface": [],
            "outpost_arn": "",
            "password_data": "",
            "placement_group": "",
            "placement_partition_number": null,
            "primary_network_interface_id": "eni-047a8e53e081c5cbf",
            "private_dns": "ip-172-31-30-139.ap-southeast-1.compute.internal",
            "private_ip": "172.31.30.139",
            "public_dns": "ec2-18-140-60-23.ap-southeast-1.compute.amazonaws.com",
            "public_ip": "18.140.60.23",
            "root_block_device": [
              {
                "delete_on_termination": true,
                "device_name": "/dev/sda1",
                "encrypted": false,
                "iops": 100,
                "kms_key_id": "",
                "tags": {},
                "throughput": 0,
                "volume_id": "vol-0846a7eb3e5f78ed3",
                "volume_size": 8,
                "volume_type": "gp2"
              }
            ],
            "secondary_private_ips": [],
            "security_groups": [
              "MyTfEC2group"
            ],
            "source_dest_check": true,
            "subnet_id": "subnet-0010e3eeba6a2fb1b",
            "tags": {
              "Name": "Myserver",
              "number": "first"
            },
            "tags_all": {
              "Name": "Myserver",
              "number": "first"
            },
            "tenancy": "default",
            "timeouts": null,
            "user_data": null,
            "user_data_base64": null,
            "volume_tags": null,
            "vpc_security_group_ids": [
              "sg-0518ffd92451794fe"
            ]
          },
          "sensitive_attributes": [],
          "private": "eyJlMmJmYjczMC1lY2FhLTExZTYtOGY4OC0zNDM2M2JjN2M0YzAiOnsiY3JlYXRlIjo2MDAwMDAwMDAwMDAsImRlbGV0ZSI6MTIwMDAwMDAwMDAwMCwidXBkYXRlIjo2MDAwMDAwMDAwMDB9LCJzY2hlbWFfdmVyc2lvbiI6IjEifQ==",
          "dependencies": [
            "aws_default_vpc.default",
            "aws_security_group.MyTfEC2group"
          ]
        }
      ]
    },
    {
      "mode": "managed",
      "type": "aws_security_group",
      "name": "MyTfEC2group",
      "provider": "provider[\"registry.terraform.io/hashicorp/aws\"]",
      "instances": [
        {
          "schema_version": 1,
          "attributes": {
            "arn": "arn:aws:ec2:ap-southeast-1:160266333729:security-group/sg-0518ffd92451794fe",
            "description": "Allow ssh + web inbound traffic",
            "egress": [
              {
                "cidr_blocks": [
                  "0.0.0.0/0"
                ],
                "description": "",
                "from_port": 0,
                "ipv6_cidr_blocks": [
                  "::/0"
                ],
                "prefix_list_ids": [],
                "protocol": "-1",
                "security_groups": [],
                "self": false,
                "to_port": 0
              }
            ],
            "id": "sg-0518ffd92451794fe",
            "ingress": [
              {
                "cidr_blocks": [
                  "103.21.244.0/22",
                  "103.22.200.0/22",
                  "103.31.4.0/22",
                  "104.16.0.0/13",
                  "104.24.0.0/14",
                  "108.162.192.0/18",
                  "131.0.72.0/22",
                  "141.101.64.0/18",
                  "162.158.0.0/15",
                  "172.64.0.0/13",
                  "173.245.48.0/20",
                  "188.114.96.0/20",
                  "190.93.240.0/20",
                  "197.234.240.0/22",
                  "198.41.128.0/17"
                ],
                "description": "Inbound rule TLS",
                "from_port": 443,
                "ipv6_cidr_blocks": [
                  "2400:cb00::/32",
                  "2606:4700::/32",
                  "2803:f800::/32",
                  "2405:b500::/32",
                  "2405:8100::/32",
                  "2a06:98c0::/29",
                  "2c0f:f248::/32"
                ],
                "prefix_list_ids": [],
                "protocol": "tcp",
                "security_groups": [],
                "self": false,
                "to_port": 443
              },
              {
                "cidr_blocks": [
                  "103.21.244.0/22",
                  "103.22.200.0/22",
                  "103.31.4.0/22",
                  "104.16.0.0/13",
                  "104.24.0.0/14",
                  "108.162.192.0/18",
                  "131.0.72.0/22",
                  "141.101.64.0/18",
                  "162.158.0.0/15",
                  "172.64.0.0/13",
                  "173.245.48.0/20",
                  "188.114.96.0/20",
                  "190.93.240.0/20",
                  "197.234.240.0/22",
                  "198.41.128.0/17"
                ],
                "description": "Inbound rule Web",
                "from_port": 80,
                "ipv6_cidr_blocks": [
                  "2400:cb00::/32",
                  "2606:4700::/32",
                  "2803:f800::/32",
                  "2405:b500::/32",
                  "2405:8100::/32",
                  "2a06:98c0::/29",
                  "2c0f:f248::/32"
                ],
                "prefix_list_ids": [],
                "protocol": "tcp",
                "security_groups": [],
                "self": false,
                "to_port": 80
              },
              {
                "cidr_blocks": [
                  "5.166.91.11/32"
                ],
                "description": "Inbound rule SSH",
                "from_port": 22,
                "ipv6_cidr_blocks": [],
                "prefix_list_ids": [],
                "protocol": "tcp",
                "security_groups": [],
                "self": false,
                "to_port": 22
              }
            ],
            "name": "MyTfEC2group",
            "name_prefix": "",
            "owner_id": "160266333729",
            "revoke_rules_on_delete": false,
            "tags": {
              "Name": "MyTfEC2group",
              "instance_name": "myservername"
            },
            "tags_all": {
              "Name": "MyTfEC2group",
              "instance_name": "myservername"
            },
            "timeouts": null,
            "vpc_id": "vpc-0065aa50ca7f7a397"
          },
          "sensitive_attributes": [],
          "private": "eyJlMmJmYjczMC1lY2FhLTExZTYtOGY4OC0zNDM2M2JjN2M0YzAiOnsiY3JlYXRlIjo2MDAwMDAwMDAwMDAsImRlbGV0ZSI6OTAwMDAwMDAwMDAwfSwic2NoZW1hX3ZlcnNpb24iOiIxIn0=",
          "dependencies": [
            "aws_default_vpc.default"
          ]
        }
      ]
    }
  ]
}
